// !$*UTF8*$!
{
	archiveVersion = 1;
	classes = {
	};
	objectVersion = 46;
	objects = {

/* Begin PBXBuildFile section */
		1A6905C51B1CE8E000BD1C5C /* SystemConfiguration.framework in Frameworks */ = {isa = PBXBuildFile; fileRef = 1A6905C41B1CE8E000BD1C5C /* SystemConfiguration.framework */; };
		1A6E8AAD1B1CCFB200D68A76 /* AppDelegate.swift in Sources */ = {isa = PBXBuildFile; fileRef = 1A6E8AAC1B1CCFB200D68A76 /* AppDelegate.swift */; };
		1A6E8AAF1B1CCFB200D68A76 /* ViewController.swift in Sources */ = {isa = PBXBuildFile; fileRef = 1A6E8AAE1B1CCFB200D68A76 /* ViewController.swift */; };
		1A6E8AB21B1CCFB200D68A76 /* Main.storyboard in Resources */ = {isa = PBXBuildFile; fileRef = 1A6E8AB01B1CCFB200D68A76 /* Main.storyboard */; };
		1A6E8AB41B1CCFB200D68A76 /* Images.xcassets in Resources */ = {isa = PBXBuildFile; fileRef = 1A6E8AB31B1CCFB200D68A76 /* Images.xcassets */; };
		1A6E8AB71B1CCFB200D68A76 /* LaunchScreen.xib in Resources */ = {isa = PBXBuildFile; fileRef = 1A6E8AB51B1CCFB200D68A76 /* LaunchScreen.xib */; };
		1A6E8AC31B1CCFB200D68A76 /* FacebookSDK4_0TemplateTests.swift in Sources */ = {isa = PBXBuildFile; fileRef = 1A6E8AC21B1CCFB200D68A76 /* FacebookSDK4_0TemplateTests.swift */; };
		1A6E8ADA1B1CD05000D68A76 /* FBSDKCoreKit.framework in Frameworks */ = {isa = PBXBuildFile; fileRef = 1A6E8AD81B1CD05000D68A76 /* FBSDKCoreKit.framework */; };
		1A6E8ADB1B1CD05000D68A76 /* FBSDKLoginKit.framework in Frameworks */ = {isa = PBXBuildFile; fileRef = 1A6E8AD91B1CD05000D68A76 /* FBSDKLoginKit.framework */; };
		1A6E8AE61B1CD44D00D68A76 /* libstdc++.6.dylib in Frameworks */ = {isa = PBXBuildFile; fileRef = 1A6E8AE51B1CD44D00D68A76 /* libstdc++.6.dylib */; };
		1A6E8AE81B1CD45600D68A76 /* MobileCoreServices.framework in Frameworks */ = {isa = PBXBuildFile; fileRef = 1A6E8AE71B1CD45600D68A76 /* MobileCoreServices.framework */; };
		1A6E8AEA1B1CD45D00D68A76 /* AudioToolbox.framework in Frameworks */ = {isa = PBXBuildFile; fileRef = 1A6E8AE91B1CD45D00D68A76 /* AudioToolbox.framework */; };
		1A6E8AEC1B1CD46500D68A76 /* libsqlite3.dylib in Frameworks */ = {isa = PBXBuildFile; fileRef = 1A6E8AEB1B1CD46500D68A76 /* libsqlite3.dylib */; };
		1A6E8AEF1B1CD83400D68A76 /* SignUpViewController.swift in Sources */ = {isa = PBXBuildFile; fileRef = 1A6E8AEE1B1CD83400D68A76 /* SignUpViewController.swift */; };
		1A6E8AF21B1CD85500D68A76 /* MainAppViewController.swift in Sources */ = {isa = PBXBuildFile; fileRef = 1A6E8AF11B1CD85500D68A76 /* MainAppViewController.swift */; };
		1A6E8AF91B1CDC7900D68A76 /* Bolts.framework in Frameworks */ = {isa = PBXBuildFile; fileRef = 1A6E8AF31B1CDC7900D68A76 /* Bolts.framework */; };
		1A6E8AFA1B1CDC7900D68A76 /* Parse.framework in Frameworks */ = {isa = PBXBuildFile; fileRef = 1A6E8AF41B1CDC7900D68A76 /* Parse.framework */; };
		1A6E8AFB1B1CDC7900D68A76 /* ParseCrashReporting.framework in Frameworks */ = {isa = PBXBuildFile; fileRef = 1A6E8AF51B1CDC7900D68A76 /* ParseCrashReporting.framework */; };
		1A6E8AFD1B1CDC7A00D68A76 /* ParseFacebookUtilsV4.framework in Frameworks */ = {isa = PBXBuildFile; fileRef = 1A6E8AF71B1CDC7900D68A76 /* ParseFacebookUtilsV4.framework */; };
		1A6E8AFE1B1CDC7A00D68A76 /* ParseUI.framework in Frameworks */ = {isa = PBXBuildFile; fileRef = 1A6E8AF81B1CDC7900D68A76 /* ParseUI.framework */; };
/* End PBXBuildFile section */

/* Begin PBXContainerItemProxy section */
		1A6E8ABD1B1CCFB200D68A76 /* PBXContainerItemProxy */ = {
			isa = PBXContainerItemProxy;
			containerPortal = 1A6E8A9F1B1CCFB200D68A76 /* Project object */;
			proxyType = 1;
			remoteGlobalIDString = 1A6E8AA61B1CCFB200D68A76;
			remoteInfo = FacebookSDK4.0Template;
		};
/* End PBXContainerItemProxy section */

/* Begin PBXFileReference section */
		1A6905C41B1CE8E000BD1C5C /* SystemConfiguration.framework */ = {isa = PBXFileReference; lastKnownFileType = wrapper.framework; name = SystemConfiguration.framework; path = System/Library/Frameworks/SystemConfiguration.framework; sourceTree = SDKROOT; };
		1A6E8AA71B1CCFB200D68A76 /* FacebookSDK4.0Template.app */ = {isa = PBXFileReference; explicitFileType = wrapper.application; includeInIndex = 0; path = FacebookSDK4.0Template.app; sourceTree = BUILT_PRODUCTS_DIR; };
		1A6E8AAB1B1CCFB200D68A76 /* Info.plist */ = {isa = PBXFileReference; lastKnownFileType = text.plist.xml; path = Info.plist; sourceTree = "<group>"; };
		1A6E8AAC1B1CCFB200D68A76 /* AppDelegate.swift */ = {isa = PBXFileReference; lastKnownFileType = sourcecode.swift; path = AppDelegate.swift; sourceTree = "<group>"; };
		1A6E8AAE1B1CCFB200D68A76 /* ViewController.swift */ = {isa = PBXFileReference; lastKnownFileType = sourcecode.swift; path = ViewController.swift; sourceTree = "<group>"; };
		1A6E8AB11B1CCFB200D68A76 /* Base */ = {isa = PBXFileReference; lastKnownFileType = file.storyboard; name = Base; path = Base.lproj/Main.storyboard; sourceTree = "<group>"; };
		1A6E8AB31B1CCFB200D68A76 /* Images.xcassets */ = {isa = PBXFileReference; lastKnownFileType = folder.assetcatalog; path = Images.xcassets; sourceTree = "<group>"; };
		1A6E8AB61B1CCFB200D68A76 /* Base */ = {isa = PBXFileReference; lastKnownFileType = file.xib; name = Base; path = Base.lproj/LaunchScreen.xib; sourceTree = "<group>"; };
		1A6E8ABC1B1CCFB200D68A76 /* FacebookSDK4.0TemplateTests.xctest */ = {isa = PBXFileReference; explicitFileType = wrapper.cfbundle; includeInIndex = 0; path = FacebookSDK4.0TemplateTests.xctest; sourceTree = BUILT_PRODUCTS_DIR; };
		1A6E8AC11B1CCFB200D68A76 /* Info.plist */ = {isa = PBXFileReference; lastKnownFileType = text.plist.xml; path = Info.plist; sourceTree = "<group>"; };
		1A6E8AC21B1CCFB200D68A76 /* FacebookSDK4_0TemplateTests.swift */ = {isa = PBXFileReference; lastKnownFileType = sourcecode.swift; path = FacebookSDK4_0TemplateTests.swift; sourceTree = "<group>"; };
		1A6E8AD81B1CD05000D68A76 /* FBSDKCoreKit.framework */ = {isa = PBXFileReference; lastKnownFileType = wrapper.framework; path = FBSDKCoreKit.framework; sourceTree = "<group>"; };
		1A6E8AD91B1CD05000D68A76 /* FBSDKLoginKit.framework */ = {isa = PBXFileReference; lastKnownFileType = wrapper.framework; path = FBSDKLoginKit.framework; sourceTree = "<group>"; };
		1A6E8AE31B1CD18A00D68A76 /* FacebookSDK4.0Template-Bridging-Header.h */ = {isa = PBXFileReference; lastKnownFileType = sourcecode.c.h; path = "FacebookSDK4.0Template-Bridging-Header.h"; sourceTree = "<group>"; };
		1A6E8AE41B1CD18B00D68A76 /* NSObject_Objective_CBridgingHeader.h */ = {isa = PBXFileReference; fileEncoding = 4; lastKnownFileType = sourcecode.c.h; path = NSObject_Objective_CBridgingHeader.h; sourceTree = "<group>"; };
		1A6E8AE51B1CD44D00D68A76 /* libstdc++.6.dylib */ = {isa = PBXFileReference; lastKnownFileType = "compiled.mach-o.dylib"; name = "libstdc++.6.dylib"; path = "usr/lib/libstdc++.6.dylib"; sourceTree = SDKROOT; };
		1A6E8AE71B1CD45600D68A76 /* MobileCoreServices.framework */ = {isa = PBXFileReference; lastKnownFileType = wrapper.framework; name = MobileCoreServices.framework; path = System/Library/Frameworks/MobileCoreServices.framework; sourceTree = SDKROOT; };
		1A6E8AE91B1CD45D00D68A76 /* AudioToolbox.framework */ = {isa = PBXFileReference; lastKnownFileType = wrapper.framework; name = AudioToolbox.framework; path = System/Library/Frameworks/AudioToolbox.framework; sourceTree = SDKROOT; };
		1A6E8AEB1B1CD46500D68A76 /* libsqlite3.dylib */ = {isa = PBXFileReference; lastKnownFileType = "compiled.mach-o.dylib"; name = libsqlite3.dylib; path = usr/lib/libsqlite3.dylib; sourceTree = SDKROOT; };
		1A6E8AEE1B1CD83400D68A76 /* SignUpViewController.swift */ = {isa = PBXFileReference; fileEncoding = 4; lastKnownFileType = sourcecode.swift; path = SignUpViewController.swift; sourceTree = "<group>"; };
		1A6E8AF11B1CD85500D68A76 /* MainAppViewController.swift */ = {isa = PBXFileReference; fileEncoding = 4; lastKnownFileType = sourcecode.swift; path = MainAppViewController.swift; sourceTree = "<group>"; };
		1A6E8AF31B1CDC7900D68A76 /* Bolts.framework */ = {isa = PBXFileReference; lastKnownFileType = wrapper.framework; name = Bolts.framework; path = FacebookSDK4.0Template/Bolts.framework; sourceTree = "<group>"; };
		1A6E8AF41B1CDC7900D68A76 /* Parse.framework */ = {isa = PBXFileReference; lastKnownFileType = wrapper.framework; name = Parse.framework; path = FacebookSDK4.0Template/Parse.framework; sourceTree = "<group>"; };
		1A6E8AF51B1CDC7900D68A76 /* ParseCrashReporting.framework */ = {isa = PBXFileReference; lastKnownFileType = wrapper.framework; name = ParseCrashReporting.framework; path = FacebookSDK4.0Template/ParseCrashReporting.framework; sourceTree = "<group>"; };
		1A6E8AF71B1CDC7900D68A76 /* ParseFacebookUtilsV4.framework */ = {isa = PBXFileReference; lastKnownFileType = wrapper.framework; name = ParseFacebookUtilsV4.framework; path = FacebookSDK4.0Template/ParseFacebookUtilsV4.framework; sourceTree = "<group>"; };
		1A6E8AF81B1CDC7900D68A76 /* ParseUI.framework */ = {isa = PBXFileReference; lastKnownFileType = wrapper.framework; name = ParseUI.framework; path = FacebookSDK4.0Template/ParseUI.framework; sourceTree = "<group>"; };
/* End PBXFileReference section */

/* Begin PBXFrameworksBuildPhase section */
		1A6E8AA41B1CCFB200D68A76 /* Frameworks */ = {
			isa = PBXFrameworksBuildPhase;
			buildActionMask = 2147483647;
			files = (
				1A6905C51B1CE8E000BD1C5C /* SystemConfiguration.framework in Frameworks */,
				1A6E8AEC1B1CD46500D68A76 /* libsqlite3.dylib in Frameworks */,
				1A6E8AFB1B1CDC7900D68A76 /* ParseCrashReporting.framework in Frameworks */,
				1A6E8AEA1B1CD45D00D68A76 /* AudioToolbox.framework in Frameworks */,
				1A6E8AE81B1CD45600D68A76 /* MobileCoreServices.framework in Frameworks */,
				1A6E8AE61B1CD44D00D68A76 /* libstdc++.6.dylib in Frameworks */,
				1A6E8ADA1B1CD05000D68A76 /* FBSDKCoreKit.framework in Frameworks */,
				1A6E8AFE1B1CDC7A00D68A76 /* ParseUI.framework in Frameworks */,
				1A6E8ADB1B1CD05000D68A76 /* FBSDKLoginKit.framework in Frameworks */,
				1A6E8AFA1B1CDC7900D68A76 /* Parse.framework in Frameworks */,
				1A6E8AF91B1CDC7900D68A76 /* Bolts.framework in Frameworks */,
				1A6E8AFD1B1CDC7A00D68A76 /* ParseFacebookUtilsV4.framework in Frameworks */,
			);
			runOnlyForDeploymentPostprocessing = 0;
		};
		1A6E8AB91B1CCFB200D68A76 /* Frameworks */ = {
			isa = PBXFrameworksBuildPhase;
			buildActionMask = 2147483647;
			files = (
			);
			runOnlyForDeploymentPostprocessing = 0;
		};
/* End PBXFrameworksBuildPhase section */

/* Begin PBXGroup section */
		1A6E8A9E1B1CCFB200D68A76 = {
			isa = PBXGroup;
			children = (
				1A6E8AA91B1CCFB200D68A76 /* FacebookSDK4.0Template */,
				1A6E8ABF1B1CCFB200D68A76 /* FacebookSDK4.0TemplateTests */,
				1A6E8AA81B1CCFB200D68A76 /* Products */,
			);
			sourceTree = "<group>";
		};
		1A6E8AA81B1CCFB200D68A76 /* Products */ = {
			isa = PBXGroup;
			children = (
				1A6E8AA71B1CCFB200D68A76 /* FacebookSDK4.0Template.app */,
				1A6E8ABC1B1CCFB200D68A76 /* FacebookSDK4.0TemplateTests.xctest */,
			);
			name = Products;
			sourceTree = "<group>";
		};
		1A6E8AA91B1CCFB200D68A76 /* FacebookSDK4.0Template */ = {
			isa = PBXGroup;
			children = (
				1A6E8AED1B1CD46900D68A76 /* Frameworks */,
				1A6E8AF01B1CD83A00D68A76 /* Controllers */,
				1A6E8AAC1B1CCFB200D68A76 /* AppDelegate.swift */,
				1A6E8AB01B1CCFB200D68A76 /* Main.storyboard */,
				1A6E8AB31B1CCFB200D68A76 /* Images.xcassets */,
				1A6E8AB51B1CCFB200D68A76 /* LaunchScreen.xib */,
				1A6E8AAA1B1CCFB200D68A76 /* Supporting Files */,
				1A6E8AE41B1CD18B00D68A76 /* NSObject_Objective_CBridgingHeader.h */,
				1A6E8AE31B1CD18A00D68A76 /* FacebookSDK4.0Template-Bridging-Header.h */,
			);
			path = FacebookSDK4.0Template;
			sourceTree = "<group>";
		};
		1A6E8AAA1B1CCFB200D68A76 /* Supporting Files */ = {
			isa = PBXGroup;
			children = (
				1A6E8AAB1B1CCFB200D68A76 /* Info.plist */,
			);
			name = "Supporting Files";
			sourceTree = "<group>";
		};
		1A6E8ABF1B1CCFB200D68A76 /* FacebookSDK4.0TemplateTests */ = {
			isa = PBXGroup;
			children = (
				1A6E8AC21B1CCFB200D68A76 /* FacebookSDK4_0TemplateTests.swift */,
				1A6E8AC01B1CCFB200D68A76 /* Supporting Files */,
			);
			path = FacebookSDK4.0TemplateTests;
			sourceTree = "<group>";
		};
		1A6E8AC01B1CCFB200D68A76 /* Supporting Files */ = {
			isa = PBXGroup;
			children = (
				1A6E8AC11B1CCFB200D68A76 /* Info.plist */,
			);
			name = "Supporting Files";
			sourceTree = "<group>";
		};
		1A6E8AED1B1CD46900D68A76 /* Frameworks */ = {
			isa = PBXGroup;
			children = (
				1A6905C41B1CE8E000BD1C5C /* SystemConfiguration.framework */,
				1A6E8AF31B1CDC7900D68A76 /* Bolts.framework */,
				1A6E8AF41B1CDC7900D68A76 /* Parse.framework */,
				1A6E8AF51B1CDC7900D68A76 /* ParseCrashReporting.framework */,
				1A6E8AF71B1CDC7900D68A76 /* ParseFacebookUtilsV4.framework */,
				1A6E8AF81B1CDC7900D68A76 /* ParseUI.framework */,
				1A6E8AEB1B1CD46500D68A76 /* libsqlite3.dylib */,
				1A6E8AE91B1CD45D00D68A76 /* AudioToolbox.framework */,
				1A6E8AE71B1CD45600D68A76 /* MobileCoreServices.framework */,
				1A6E8AE51B1CD44D00D68A76 /* libstdc++.6.dylib */,
				1A6E8AD81B1CD05000D68A76 /* FBSDKCoreKit.framework */,
				1A6E8AD91B1CD05000D68A76 /* FBSDKLoginKit.framework */,
			);
			name = Frameworks;
			path = ..;
			sourceTree = "<group>";
		};
		1A6E8AF01B1CD83A00D68A76 /* Controllers */ = {
			isa = PBXGroup;
			children = (
				1A6E8AAE1B1CCFB200D68A76 /* ViewController.swift */,
				1A6E8AEE1B1CD83400D68A76 /* SignUpViewController.swift */,
				1A6E8AF11B1CD85500D68A76 /* MainAppViewController.swift */,
			);
			name = Controllers;
			sourceTree = "<group>";
		};
/* End PBXGroup section */

/* Begin PBXNativeTarget section */
		1A6E8AA61B1CCFB200D68A76 /* FacebookSDK4.0Template */ = {
			isa = PBXNativeTarget;
			buildConfigurationList = 1A6E8AC61B1CCFB200D68A76 /* Build configuration list for PBXNativeTarget "FacebookSDK4.0Template" */;
			buildPhases = (
				1A6E8AA31B1CCFB200D68A76 /* Sources */,
				1A6E8AA41B1CCFB200D68A76 /* Frameworks */,
				1A6E8AA51B1CCFB200D68A76 /* Resources */,
			);
			buildRules = (
			);
			dependencies = (
			);
			name = FacebookSDK4.0Template;
			productName = FacebookSDK4.0Template;
			productReference = 1A6E8AA71B1CCFB200D68A76 /* FacebookSDK4.0Template.app */;
			productType = "com.apple.product-type.application";
		};
		1A6E8ABB1B1CCFB200D68A76 /* FacebookSDK4.0TemplateTests */ = {
			isa = PBXNativeTarget;
			buildConfigurationList = 1A6E8AC91B1CCFB200D68A76 /* Build configuration list for PBXNativeTarget "FacebookSDK4.0TemplateTests" */;
			buildPhases = (
				1A6E8AB81B1CCFB200D68A76 /* Sources */,
				1A6E8AB91B1CCFB200D68A76 /* Frameworks */,
				1A6E8ABA1B1CCFB200D68A76 /* Resources */,
			);
			buildRules = (
			);
			dependencies = (
				1A6E8ABE1B1CCFB200D68A76 /* PBXTargetDependency */,
			);
			name = FacebookSDK4.0TemplateTests;
			productName = FacebookSDK4.0TemplateTests;
			productReference = 1A6E8ABC1B1CCFB200D68A76 /* FacebookSDK4.0TemplateTests.xctest */;
			productType = "com.apple.product-type.bundle.unit-test";
		};
/* End PBXNativeTarget section */

/* Begin PBXProject section */
		1A6E8A9F1B1CCFB200D68A76 /* Project object */ = {
			isa = PBXProject;
			attributes = {
				LastUpgradeCheck = 0630;
				ORGANIZATIONNAME = "Yung Dai";
				TargetAttributes = {
					1A6E8AA61B1CCFB200D68A76 = {
						CreatedOnToolsVersion = 6.3.2;
					};
					1A6E8ABB1B1CCFB200D68A76 = {
						CreatedOnToolsVersion = 6.3.2;
						TestTargetID = 1A6E8AA61B1CCFB200D68A76;
					};
				};
			};
			buildConfigurationList = 1A6E8AA21B1CCFB200D68A76 /* Build configuration list for PBXProject "FacebookSDK4.0Template" */;
			compatibilityVersion = "Xcode 3.2";
			developmentRegion = English;
			hasScannedForEncodings = 0;
			knownRegions = (
				en,
				Base,
			);
			mainGroup = 1A6E8A9E1B1CCFB200D68A76;
			productRefGroup = 1A6E8AA81B1CCFB200D68A76 /* Products */;
			projectDirPath = "";
			projectRoot = "";
			targets = (
				1A6E8AA61B1CCFB200D68A76 /* FacebookSDK4.0Template */,
				1A6E8ABB1B1CCFB200D68A76 /* FacebookSDK4.0TemplateTests */,
			);
		};
/* End PBXProject section */

/* Begin PBXResourcesBuildPhase section */
		1A6E8AA51B1CCFB200D68A76 /* Resources */ = {
			isa = PBXResourcesBuildPhase;
			buildActionMask = 2147483647;
			files = (
				1A6E8AB21B1CCFB200D68A76 /* Main.storyboard in Resources */,
				1A6E8AB71B1CCFB200D68A76 /* LaunchScreen.xib in Resources */,
				1A6E8AB41B1CCFB200D68A76 /* Images.xcassets in Resources */,
			);
			runOnlyForDeploymentPostprocessing = 0;
		};
		1A6E8ABA1B1CCFB200D68A76 /* Resources */ = {
			isa = PBXResourcesBuildPhase;
			buildActionMask = 2147483647;
			files = (
			);
			runOnlyForDeploymentPostprocessing = 0;
		};
/* End PBXResourcesBuildPhase section */

/* Begin PBXSourcesBuildPhase section */
		1A6E8AA31B1CCFB200D68A76 /* Sources */ = {
			isa = PBXSourcesBuildPhase;
			buildActionMask = 2147483647;
			files = (
				1A6E8AEF1B1CD83400D68A76 /* SignUpViewController.swift in Sources */,
				1A6E8AAF1B1CCFB200D68A76 /* ViewController.swift in Sources */,
				1A6E8AAD1B1CCFB200D68A76 /* AppDelegate.swift in Sources */,
				1A6E8AF21B1CD85500D68A76 /* MainAppViewController.swift in Sources */,
			);
			runOnlyForDeploymentPostprocessing = 0;
		};
		1A6E8AB81B1CCFB200D68A76 /* Sources */ = {
			isa = PBXSourcesBuildPhase;
			buildActionMask = 2147483647;
			files = (
				1A6E8AC31B1CCFB200D68A76 /* FacebookSDK4_0TemplateTests.swift in Sources */,
			);
			runOnlyForDeploymentPostprocessing = 0;
		};
/* End PBXSourcesBuildPhase section */

/* Begin PBXTargetDependency section */
		1A6E8ABE1B1CCFB200D68A76 /* PBXTargetDependency */ = {
			isa = PBXTargetDependency;
			target = 1A6E8AA61B1CCFB200D68A76 /* FacebookSDK4.0Template */;
			targetProxy = 1A6E8ABD1B1CCFB200D68A76 /* PBXContainerItemProxy */;
		};
/* End PBXTargetDependency section */

/* Begin PBXVariantGroup section */
		1A6E8AB01B1CCFB200D68A76 /* Main.storyboard */ = {
			isa = PBXVariantGroup;
			children = (
				1A6E8AB11B1CCFB200D68A76 /* Base */,
			);
			name = Main.storyboard;
			sourceTree = "<group>";
		};
		1A6E8AB51B1CCFB200D68A76 /* LaunchScreen.xib */ = {
			isa = PBXVariantGroup;
			children = (
				1A6E8AB61B1CCFB200D68A76 /* Base */,
			);
			name = LaunchScreen.xib;
			sourceTree = "<group>";
		};
/* End PBXVariantGroup section */

/* Begin XCBuildConfiguration section */
		1A6E8AC41B1CCFB200D68A76 /* Debug */ = {
			isa = XCBuildConfiguration;
			buildSettings = {
				ALWAYS_SEARCH_USER_PATHS = NO;
				CLANG_CXX_LANGUAGE_STANDARD = "gnu++0x";
				CLANG_CXX_LIBRARY = "libc++";
				CLANG_ENABLE_MODULES = YES;
				CLANG_ENABLE_OBJC_ARC = YES;
				CLANG_WARN_BOOL_CONVERSION = YES;
				CLANG_WARN_CONSTANT_CONVERSION = YES;
				CLANG_WARN_DIRECT_OBJC_ISA_USAGE = YES_ERROR;
				CLANG_WARN_EMPTY_BODY = YES;
				CLANG_WARN_ENUM_CONVERSION = YES;
				CLANG_WARN_INT_CONVERSION = YES;
				CLANG_WARN_OBJC_ROOT_CLASS = YES_ERROR;
				CLANG_WARN_UNREACHABLE_CODE = YES;
				CLANG_WARN__DUPLICATE_METHOD_MATCH = YES;
				CODE_SIGN_IDENTITY = "";
				"CODE_SIGN_IDENTITY[sdk=iphoneos*]" = "iPhone Developer";
				COPY_PHASE_STRIP = NO;
				DEBUG_INFORMATION_FORMAT = "dwarf-with-dsym";
				ENABLE_STRICT_OBJC_MSGSEND = YES;
				GCC_C_LANGUAGE_STANDARD = gnu99;
				GCC_DYNAMIC_NO_PIC = NO;
				GCC_NO_COMMON_BLOCKS = YES;
				GCC_OPTIMIZATION_LEVEL = 0;
				GCC_PREPROCESSOR_DEFINITIONS = (
					"DEBUG=1",
					"$(inherited)",
				);
				GCC_SYMBOLS_PRIVATE_EXTERN = NO;
				GCC_WARN_64_TO_32_BIT_CONVERSION = YES;
				GCC_WARN_ABOUT_RETURN_TYPE = YES_ERROR;
				GCC_WARN_UNDECLARED_SELECTOR = YES;
				GCC_WARN_UNINITIALIZED_AUTOS = YES_AGGRESSIVE;
				GCC_WARN_UNUSED_FUNCTION = YES;
				GCC_WARN_UNUSED_VARIABLE = YES;
				IPHONEOS_DEPLOYMENT_TARGET = 8.3;
				MTL_ENABLE_DEBUG_INFO = YES;
				ONLY_ACTIVE_ARCH = YES;
				SDKROOT = iphoneos;
				SWIFT_OPTIMIZATION_LEVEL = "-Onone";
				TARGETED_DEVICE_FAMILY = "1,2";
			};
			name = Debug;
		};
		1A6E8AC51B1CCFB200D68A76 /* Release */ = {
			isa = XCBuildConfiguration;
			buildSettings = {
				ALWAYS_SEARCH_USER_PATHS = NO;
				CLANG_CXX_LANGUAGE_STANDARD = "gnu++0x";
				CLANG_CXX_LIBRARY = "libc++";
				CLANG_ENABLE_MODULES = YES;
				CLANG_ENABLE_OBJC_ARC = YES;
				CLANG_WARN_BOOL_CONVERSION = YES;
				CLANG_WARN_CONSTANT_CONVERSION = YES;
				CLANG_WARN_DIRECT_OBJC_ISA_USAGE = YES_ERROR;
				CLANG_WARN_EMPTY_BODY = YES;
				CLANG_WARN_ENUM_CONVERSION = YES;
				CLANG_WARN_INT_CONVERSION = YES;
				CLANG_WARN_OBJC_ROOT_CLASS = YES_ERROR;
				CLANG_WARN_UNREACHABLE_CODE = YES;
				CLANG_WARN__DUPLICATE_METHOD_MATCH = YES;
				"CODE_SIGN_IDENTITY[sdk=iphoneos*]" = "iPhone Developer";
				COPY_PHASE_STRIP = NO;
				DEBUG_INFORMATION_FORMAT = "dwarf-with-dsym";
				ENABLE_NS_ASSERTIONS = NO;
				ENABLE_STRICT_OBJC_MSGSEND = YES;
				GCC_C_LANGUAGE_STANDARD = gnu99;
				GCC_NO_COMMON_BLOCKS = YES;
				GCC_WARN_64_TO_32_BIT_CONVERSION = YES;
				GCC_WARN_ABOUT_RETURN_TYPE = YES_ERROR;
				GCC_WARN_UNDECLARED_SELECTOR = YES;
				GCC_WARN_UNINITIALIZED_AUTOS = YES_AGGRESSIVE;
				GCC_WARN_UNUSED_FUNCTION = YES;
				GCC_WARN_UNUSED_VARIABLE = YES;
				IPHONEOS_DEPLOYMENT_TARGET = 8.3;
				MTL_ENABLE_DEBUG_INFO = NO;
				SDKROOT = iphoneos;
				TARGETED_DEVICE_FAMILY = "1,2";
				VALIDATE_PRODUCT = YES;
			};
			name = Release;
		};
		1A6E8AC71B1CCFB200D68A76 /* Debug */ = {
			isa = XCBuildConfiguration;
			buildSettings = {
				ASSETCATALOG_COMPILER_APPICON_NAME = AppIcon;
				CLANG_ENABLE_MODULES = YES;
				FRAMEWORK_SEARCH_PATHS = (
					"$(inherited)",
					"$(PROJECT_DIR)",
					"$(PROJECT_DIR)/FacebookSDK4.0Template",
				);
				INFOPLIST_FILE = FacebookSDK4.0Template/Info.plist;
				LD_RUNPATH_SEARCH_PATHS = "$(inherited) @executable_path/Frameworks";
				PRODUCT_NAME = "$(TARGET_NAME)";
				SWIFT_OBJC_BRIDGING_HEADER = "FacebookSDK4.0Template/FacebookSDK4.0Template-Bridging-Header.h";
				SWIFT_OPTIMIZATION_LEVEL = "-Onone";
			};
			name = Debug;
		};
		1A6E8AC81B1CCFB200D68A76 /* Release */ = {
			isa = XCBuildConfiguration;
			buildSettings = {
				ASSETCATALOG_COMPILER_APPICON_NAME = AppIcon;
				CLANG_ENABLE_MODULES = YES;
				FRAMEWORK_SEARCH_PATHS = (
					"$(inherited)",
					"$(PROJECT_DIR)",
					"$(PROJECT_DIR)/FacebookSDK4.0Template",
				);
				INFOPLIST_FILE = FacebookSDK4.0Template/Info.plist;
				LD_RUNPATH_SEARCH_PATHS = "$(inherited) @executable_path/Frameworks";
				PRODUCT_NAME = "$(TARGET_NAME)";
				SWIFT_OBJC_BRIDGING_HEADER = "FacebookSDK4.0Template/FacebookSDK4.0Template-Bridging-Header.h";
			};
			name = Release;
		};
		1A6E8ACA1B1CCFB200D68A76 /* Debug */ = {
			isa = XCBuildConfiguration;
			buildSettings = {
				BUNDLE_LOADER = "$(TEST_HOST)";
				FRAMEWORK_SEARCH_PATHS = (
					"$(SDKROOT)/Developer/Library/Frameworks",
					"$(inherited)",
				);
				GCC_PREPROCESSOR_DEFINITIONS = (
					"DEBUG=1",
					"$(inherited)",
				);
				INFOPLIST_FILE = FacebookSDK4.0TemplateTests/Info.plist;
				LD_RUNPATH_SEARCH_PATHS = "$(inherited) @executable_path/Frameworks @loader_path/Frameworks";
				PRODUCT_NAME = "$(TARGET_NAME)";
				TEST_HOST = "$(BUILT_PRODUCTS_DIR)/FacebookSDK4.0Template.app/FacebookSDK4.0Template";
			};
			name = Debug;
		};
		1A6E8ACB1B1CCFB200D68A76 /* Release */ = {
			isa = XCBuildConfiguration;
			buildSettings = {
				BUNDLE_LOADER = "$(TEST_HOST)";
				FRAMEWORK_SEARCH_PATHS = (
					"$(SDKROOT)/Developer/Library/Frameworks",
					"$(inherited)",
				);
				INFOPLIST_FILE = FacebookSDK4.0TemplateTests/Info.plist;
				LD_RUNPATH_SEARCH_PATHS = "$(inherited) @executable_path/Frameworks @loader_path/Frameworks";
				PRODUCT_NAME = "$(TARGET_NAME)";
				TEST_HOST = "$(BUILT_PRODUCTS_DIR)/FacebookSDK4.0Template.app/FacebookSDK4.0Template";
			};
			name = Release;
		};
/* End XCBuildConfiguration section */

/* Begin XCConfigurationList section */
		1A6E8AA21B1CCFB200D68A76 /* Build configuration list for PBXProject "FacebookSDK4.0Template" */ = {
			isa = XCConfigurationList;
			buildConfigurations = (
				1A6E8AC41B1CCFB200D68A76 /* Debug */,
				1A6E8AC51B1CCFB200D68A76 /* Release */,
			);
			defaultConfigurationIsVisible = 0;
			defaultConfigurationName = Release;
		};
		1A6E8AC61B1CCFB200D68A76 /* Build configuration list for PBXNativeTarget "FacebookSDK4.0Template" */ = {
			isa = XCConfigurationList;
			buildConfigurations = (
				1A6E8AC71B1CCFB200D68A76 /* Debug */,
				1A6E8AC81B1CCFB200D68A76 /* Release */,
			);
			defaultConfigurationIsVisible = 0;
			defaultConfigurationName = Release;
		};
		1A6E8AC91B1CCFB200D68A76 /* Build configuration list for PBXNativeTarget "FacebookSDK4.0TemplateTests" */ = {
			isa = XCConfigurationList;
			buildConfigurations = (
				1A6E8ACA1B1CCFB200D68A76 /* Debug */,
				1A6E8ACB1B1CCFB200D68A76 /* Release */,
			);
			defaultConfigurationIsVisible = 0;
			defaultConfigurationName = Release;
		};
/* End XCConfigurationList section */
	};
	rootObject = 1A6E8A9F1B1CCFB200D68A76 /* Project object */;
}
